{
  "name": "tutkain",
  "version": "0.0.1",
  "lockfileVersion": 1,
  "requires": true,
  "dependencies": {
    "iso8601-js-period": {
      "version": "0.2.1",
      "resolved": "https://registry.npmjs.org/iso8601-js-period/-/iso8601-js-period-0.2.1.tgz",
      "integrity": "sha512-iDyz2TQFBd5WhCZjruOwHj01JkQGu7YbVLCVdpA7lCGEcBzE3ffCPAhLh/M8TAp//kCixPpYN4XU54WHCxvD2Q=="
    },
    "jquery": {
      "version": "3.5.0",
      "resolved": "https://registry.npmjs.org/jquery/-/jquery-3.5.0.tgz",
      "integrity": "sha512-Xb7SVYMvygPxbFMpTFQiHh1J7HClEaThguL15N/Gg37Lri/qKyhRGZYzHRyLH8Stq3Aow0LsHO2O2ci86fCrNQ=="
    },
    "leaflet": {
      "version": "1.5.1",
      "resolved": "https://registry.npmjs.org/leaflet/-/leaflet-1.5.1.tgz",
      "integrity": "sha512-ekM9KAeG99tYisNBg0IzEywAlp0hYI5XRipsqRXyRTeuU8jcuntilpp+eFf5gaE0xubc9RuSNIVtByEKwqFV0w=="
    },
    "leaflet-search": {
      "version": "2.9.8",
      "resolved": "https://registry.npmjs.org/leaflet-search/-/leaflet-search-2.9.8.tgz",
      "integrity": "sha512-w/0qcllcNVzlfhup7apLc7hamOaZrtGfxMDqX6ItlUjNBz08CMk7bxcwITIVbL8wFYqTnVsBI8zUBKzypQo2uw==",
      "requires": {
        "leaflet": "*"
      }
    },
    "leaflet-sidebar": {
      "version": "0.2.0",
      "resolved": "https://registry.npmjs.org/leaflet-sidebar/-/leaflet-sidebar-0.2.0.tgz",
      "integrity": "sha1-Ezwds13W1RpgLY5i26m8WwZuVFo="
    },
    "leaflet-spin": {
      "version": "1.1.2",
      "resolved": "https://registry.npmjs.org/leaflet-spin/-/leaflet-spin-1.1.2.tgz",
      "integrity": "sha512-OLpeDrrAv1YY8NVSnOP0YfICFFm+IFauL77erXH87ZiTIXl3aPwUJXOd336DrQCe4aFsY+F3oG/1+aXyjqKV2w==",
      "requires": {
        "spin.js": "^2.3.1"
      }
    },
    "leaflet-timedimension": {
      "version": "1.1.0",
      "resolved": "https://registry.npmjs.org/leaflet-timedimension/-/leaflet-timedimension-1.1.0.tgz",
      "integrity": "sha1-nuy9+SZqLvFKzoKC2x0b/VsVEAY=",
      "requires": {
        "iso8601-js-period": "0.2.0",
        "leaflet": "~0.7.4 || ~1.0.0"
      },
      "dependencies": {
        "iso8601-js-period": {
          "version": "0.2.0",
          "resolved": "https://registry.npmjs.org/iso8601-js-period/-/iso8601-js-period-0.2.0.tgz",
          "integrity": "sha1-5XQP1OcguWCoXraF/CBSAWIcAYw="
        },
        "leaflet": {
          "version": "1.0.3",
          "resolved": "https://registry.npmjs.org/leaflet/-/leaflet-1.0.3.tgz",
          "integrity": "sha1-H0AbmLRcgZITTGyNaWhiU4BQB8g="
        }
      }
    },
    "leaflet.locatecontrol": {
      "version": "0.72.0",
      "resolved": "https://registry.npmjs.org/leaflet.locatecontrol/-/leaflet.locatecontrol-0.72.0.tgz",
      "integrity": "sha512-enAf10UG9Z1bV0siTP/+vG/ZVncDqSA3V8c6iZ3s6KWL5Ngkk4A4mk9Ssefj46ey98I9HSYWqoS+k2Y7EaKjwQ=="
    },
    "moment": {
      "version": "2.24.0",
      "resolved": "https://registry.npmjs.org/moment/-/moment-2.24.0.tgz",
      "integrity": "sha512-bV7f+6l2QigeBBZSM/6yTNq4P2fNpSWj/0e7jQcy87A8e7o2nAfP/34/2ky5Vw4B9S446EtIhodAzkFCcR4dQg=="
    },
    "spin.js": {
      "version": "2.3.2",
      "resolved": "https://registry.npmjs.org/spin.js/-/spin.js-2.3.2.tgz",
      "integrity": "sha1-bKpW1SBnNFD9XPvGlx5tB3LDeho="
    }
  }
}
